
Microsoft Visual Studio Solution File, Format Version 12.00
# Visual Studio 2013
VisualStudioVersion = 12.0.21005.1
MinimumVisualStudioVersion = 10.0.40219.1
Project("{6989167D-11E4-40FE-8C1A-2192A86A7E90}") = "raise_stream", "raise_stream\raise_stream.vfproj", "{D90CEEE5-49FC-4E1B-BB18-E9C262F948BD}"
EndProject
Global
	GlobalSection(SolutionConfigurationPlatforms) = preSolution
		Debug|Win32 = Debug|Win32
		Release|Win32 = Release|Win32
	EndGlobalSection
	GlobalSection(ProjectConfigurationPlatforms) = postSolution
		{D90CEEE5-49FC-4E1B-BB18-E9C262F948BD}.Debug|Win32.ActiveCfg = Debug|Win32
		{D90CEEE5-49FC-4E1B-BB18-E9C262F948BD}.Debug|Win32.Build.0 = Debug|Win32
		{D90CEEE5-49FC-4E1B-BB18-E9C262F948BD}.Release|Win32.ActiveCfg = Release|Win32
		{D90CEEE5-49FC-4E1B-BB18-E9C262F948BD}.Release|Win32.Build.0 = Release|Win32
	EndGlobalSection
	GlobalSection(SolutionProperties) = preSolution
		HideSolutionNode = FALSE
	EndGlobalSection
EndGlobal
